
Microsoft Visual Studio Solution File, Format Version 12.00
# Visual Studio Version 17
VisualStudioVersion = 17.3.32825.248
MinimumVisualStudioVersion = 10.0.40219.1
Project("{FAE04EC0-301F-11D3-BF4B-00C04F79EFBC}") = "WcfService", "WcfService\WcfService.csproj", "{E38D2D58-1C6A-4837-BF45-1F2C31872826}"
EndProject
Global
	GlobalSection(SolutionConfigurationPlatforms) = preSolution
		Debug|Any CPU = Debug|Any CPU
		Release|Any CPU = Release|Any CPU
	EndGlobalSection
	GlobalSection(ProjectConfigurationPlatforms) = postSolution
		{E38D2D58-1C6A-4837-BF45-1F2C31872826}.Debug|Any CPU.ActiveCfg = Debug|Any CPU
		{E38D2D58-1C6A-4837-BF45-1F2C31872826}.Debug|Any CPU.Build.0 = Debug|Any CPU
		{E38D2D58-1C6A-4837-BF45-1F2C31872826}.Release|Any CPU.ActiveCfg = Release|Any CPU
		{E38D2D58-1C6A-4837-BF45-1F2C31872826}.Release|Any CPU.Build.0 = Release|Any CPU
	EndGlobalSection
	GlobalSection(SolutionProperties) = preSolution
		HideSolutionNode = FALSE
	EndGlobalSection
	GlobalSection(ExtensibilityGlobals) = postSolution
		SolutionGuid = {5BE199C0-2DF2-4E2A-9955-ABC8BCAA855B}
	EndGlobalSection
EndGlobal
